// !$*UTF8*$!
{
	archiveVersion = 1;
	classes = {
	};
	objectVersion = 55;
	objects = {

/* Begin PBXBuildFile section */
		20690BAE278953EB0077E20A /* CategoryView.swift in Sources */ = {isa = PBXBuildFile; fileRef = 20690BAD278953EB0077E20A /* CategoryView.swift */; };
		20690BB0278958420077E20A /* AddNewRecipe.swift in Sources */ = {isa = PBXBuildFile; fileRef = 20690BAF278958420077E20A /* AddNewRecipe.swift */; };
		20690BB227896B4E0077E20A /* RecipesViewModel.swift in Sources */ = {isa = PBXBuildFile; fileRef = 20690BB127896B4E0077E20A /* RecipesViewModel.swift */; };
		20969FA32789DD8300BC6DF1 /* Launch Screen.storyboard in Resources */ = {isa = PBXBuildFile; fileRef = 20969FA22789DD8200BC6DF1 /* Launch Screen.storyboard */; };
		20EE3D872788B0860008D1E0 /* recipeMakerApp.swift in Sources */ = {isa = PBXBuildFile; fileRef = 20EE3D862788B0860008D1E0 /* recipeMakerApp.swift */; };
		20EE3D892788B0860008D1E0 /* ContentView.swift in Sources */ = {isa = PBXBuildFile; fileRef = 20EE3D882788B0860008D1E0 /* ContentView.swift */; };
		20EE3D8B2788B08B0008D1E0 /* Assets.xcassets in Resources */ = {isa = PBXBuildFile; fileRef = 20EE3D8A2788B08B0008D1E0 /* Assets.xcassets */; };
		20EE3D8E2788B08B0008D1E0 /* Preview Assets.xcassets in Resources */ = {isa = PBXBuildFile; fileRef = 20EE3D8D2788B08B0008D1E0 /* Preview Assets.xcassets */; };
		20EE3D9B2788B2750008D1E0 /* HomeView.swift in Sources */ = {isa = PBXBuildFile; fileRef = 20EE3D9A2788B2750008D1E0 /* HomeView.swift */; };
		20EE3D9D2788B2F90008D1E0 /* CategoriesView.swift in Sources */ = {isa = PBXBuildFile; fileRef = 20EE3D9C2788B2F90008D1E0 /* CategoriesView.swift */; };
		20EE3DA12788B3300008D1E0 /* NewRecipes.swift in Sources */ = {isa = PBXBuildFile; fileRef = 20EE3DA02788B3300008D1E0 /* NewRecipes.swift */; };
		20EE3DA32788B34D0008D1E0 /* FavoriteView.swift in Sources */ = {isa = PBXBuildFile; fileRef = 20EE3DA22788B34D0008D1E0 /* FavoriteView.swift */; };
		20EE3DA52788B3660008D1E0 /* SettingsView.swift in Sources */ = {isa = PBXBuildFile; fileRef = 20EE3DA42788B3660008D1E0 /* SettingsView.swift */; };
		20EE3DA72788B4A10008D1E0 /* TabBarView.swift in Sources */ = {isa = PBXBuildFile; fileRef = 20EE3DA62788B4A10008D1E0 /* TabBarView.swift */; };
		20EE3DA92788B6A80008D1E0 /* RecipeModel.swift in Sources */ = {isa = PBXBuildFile; fileRef = 20EE3DA82788B6A80008D1E0 /* RecipeModel.swift */; };
		20F743032788BB62006BB04C /* RecipeCard.swift in Sources */ = {isa = PBXBuildFile; fileRef = 20F743022788BB62006BB04C /* RecipeCard.swift */; };
		20F743052788BE0B006BB04C /* RecipeList.swift in Sources */ = {isa = PBXBuildFile; fileRef = 20F743042788BE0B006BB04C /* RecipeList.swift */; };
		20F743072788C223006BB04C /* RecipeView.swift in Sources */ = {isa = PBXBuildFile; fileRef = 20F743062788C223006BB04C /* RecipeView.swift */; };
/* End PBXBuildFile section */

/* Begin PBXFileReference section */
		20690BAD278953EB0077E20A /* CategoryView.swift */ = {isa = PBXFileReference; lastKnownFileType = sourcecode.swift; path = CategoryView.swift; sourceTree = "<group>"; };
		20690BAF278958420077E20A /* AddNewRecipe.swift */ = {isa = PBXFileReference; lastKnownFileType = sourcecode.swift; path = AddNewRecipe.swift; sourceTree = "<group>"; };
		20690BB127896B4E0077E20A /* RecipesViewModel.swift */ = {isa = PBXFileReference; lastKnownFileType = sourcecode.swift; path = RecipesViewModel.swift; sourceTree = "<group>"; };
		20969FA22789DD8200BC6DF1 /* Launch Screen.storyboard */ = {isa = PBXFileReference; lastKnownFileType = file.storyboard; path = "Launch Screen.storyboard"; sourceTree = "<group>"; };
		20EE3D832788B0860008D1E0 /* recipeMaker.app */ = {isa = PBXFileReference; explicitFileType = wrapper.application; includeInIndex = 0; path = recipeMaker.app; sourceTree = BUILT_PRODUCTS_DIR; };
		20EE3D862788B0860008D1E0 /* recipeMakerApp.swift */ = {isa = PBXFileReference; lastKnownFileType = sourcecode.swift; path = recipeMakerApp.swift; sourceTree = "<group>"; };
		20EE3D882788B0860008D1E0 /* ContentView.swift */ = {isa = PBXFileReference; lastKnownFileType = sourcecode.swift; path = ContentView.swift; sourceTree = "<group>"; };
		20EE3D8A2788B08B0008D1E0 /* Assets.xcassets */ = {isa = PBXFileReference; lastKnownFileType = folder.assetcatalog; path = Assets.xcassets; sourceTree = "<group>"; };
		20EE3D8D2788B08B0008D1E0 /* Preview Assets.xcassets */ = {isa = PBXFileReference; lastKnownFileType = folder.assetcatalog; path = "Preview Assets.xcassets"; sourceTree = "<group>"; };
		20EE3D9A2788B2750008D1E0 /* HomeView.swift */ = {isa = PBXFileReference; lastKnownFileType = sourcecode.swift; path = HomeView.swift; sourceTree = "<group>"; };
		20EE3D9C2788B2F90008D1E0 /* CategoriesView.swift */ = {isa = PBXFileReference; lastKnownFileType = sourcecode.swift; path = CategoriesView.swift; sourceTree = "<group>"; };
		20EE3DA02788B3300008D1E0 /* NewRecipes.swift */ = {isa = PBXFileReference; lastKnownFileType = sourcecode.swift; path = NewRecipes.swift; sourceTree = "<group>"; };
		20EE3DA22788B34D0008D1E0 /* FavoriteView.swift */ = {isa = PBXFileReference; lastKnownFileType = sourcecode.swift; path = FavoriteView.swift; sourceTree = "<group>"; };
		20EE3DA42788B3660008D1E0 /* SettingsView.swift */ = {isa = PBXFileReference; lastKnownFileType = sourcecode.swift; path = SettingsView.swift; sourceTree = "<group>"; };
		20EE3DA62788B4A10008D1E0 /* TabBarView.swift */ = {isa = PBXFileReference; lastKnownFileType = sourcecode.swift; path = TabBarView.swift; sourceTree = "<group>"; };
		20EE3DA82788B6A80008D1E0 /* RecipeModel.swift */ = {isa = PBXFileReference; lastKnownFileType = sourcecode.swift; path = RecipeModel.swift; sourceTree = "<group>"; };
		20F743022788BB62006BB04C /* RecipeCard.swift */ = {isa = PBXFileReference; lastKnownFileType = sourcecode.swift; path = RecipeCard.swift; sourceTree = "<group>"; };
		20F743042788BE0B006BB04C /* RecipeList.swift */ = {isa = PBXFileReference; lastKnownFileType = sourcecode.swift; path = RecipeList.swift; sourceTree = "<group>"; };
		20F743062788C223006BB04C /* RecipeView.swift */ = {isa = PBXFileReference; lastKnownFileType = sourcecode.swift; path = RecipeView.swift; sourceTree = "<group>"; };
/* End PBXFileReference section */

/* Begin PBXFrameworksBuildPhase section */
		20EE3D802788B0860008D1E0 /* Frameworks */ = {
			isa = PBXFrameworksBuildPhase;
			buildActionMask = 2147483647;
			files = (
			);
			runOnlyForDeploymentPostprocessing = 0;
		};
/* End PBXFrameworksBuildPhase section */

/* Begin PBXGroup section */
		20EE3D7A2788B0860008D1E0 = {
			isa = PBXGroup;
			children = (
				20EE3D852788B0860008D1E0 /* recipeMaker */,
				20EE3D842788B0860008D1E0 /* Products */,
			);
			sourceTree = "<group>";
		};
		20EE3D842788B0860008D1E0 /* Products */ = {
			isa = PBXGroup;
			children = (
				20EE3D832788B0860008D1E0 /* recipeMaker.app */,
			);
			name = Products;
			sourceTree = "<group>";
		};
		20EE3D852788B0860008D1E0 /* recipeMaker */ = {
			isa = PBXGroup;
			children = (
				20EE3D942788B0B10008D1E0 /* View */,
				20EE3D952788B0B70008D1E0 /* ViewModels */,
				20EE3D962788B0BE0008D1E0 /* Models */,
				20EE3D862788B0860008D1E0 /* recipeMakerApp.swift */,
				20EE3D882788B0860008D1E0 /* ContentView.swift */,
				20EE3D8A2788B08B0008D1E0 /* Assets.xcassets */,
				20EE3D8C2788B08B0008D1E0 /* Preview Content */,
			);
			path = recipeMaker;
			sourceTree = "<group>";
		};
		20EE3D8C2788B08B0008D1E0 /* Preview Content */ = {
			isa = PBXGroup;
			children = (
				20EE3D8D2788B08B0008D1E0 /* Preview Assets.xcassets */,
			);
			path = "Preview Content";
			sourceTree = "<group>";
		};
		20EE3D942788B0B10008D1E0 /* View */ = {
			isa = PBXGroup;
			children = (
				20EE3D972788B0F20008D1E0 /* Main */,
				20EE3D982788B1330008D1E0 /* Details */,
				20EE3D992788B1410008D1E0 /* Components */,
			);
			path = View;
			sourceTree = "<group>";
		};
		20EE3D952788B0B70008D1E0 /* ViewModels */ = {
			isa = PBXGroup;
			children = (
				20690BB127896B4E0077E20A /* RecipesViewModel.swift */,
			);
			path = ViewModels;
			sourceTree = "<group>";
		};
		20EE3D962788B0BE0008D1E0 /* Models */ = {
			isa = PBXGroup;
			children = (
				20EE3DA82788B6A80008D1E0 /* RecipeModel.swift */,
			);
			path = Models;
			sourceTree = "<group>";
		};
		20EE3D972788B0F20008D1E0 /* Main */ = {
			isa = PBXGroup;
			children = (
				20EE3DA62788B4A10008D1E0 /* TabBarView.swift */,
				20EE3D9A2788B2750008D1E0 /* HomeView.swift */,
				20EE3D9C2788B2F90008D1E0 /* CategoriesView.swift */,
				20EE3DA02788B3300008D1E0 /* NewRecipes.swift */,
				20EE3DA22788B34D0008D1E0 /* FavoriteView.swift */,
				20EE3DA42788B3660008D1E0 /* SettingsView.swift */,
				20969FA22789DD8200BC6DF1 /* Launch Screen.storyboard */,
			);
			path = Main;
			sourceTree = "<group>";
		};
		20EE3D982788B1330008D1E0 /* Details */ = {
			isa = PBXGroup;
			children = (
				20690BAD278953EB0077E20A /* CategoryView.swift */,
				20F743062788C223006BB04C /* RecipeView.swift */,
				20690BAF278958420077E20A /* AddNewRecipe.swift */,
			);
			path = Details;
			sourceTree = "<group>";
		};
		20EE3D992788B1410008D1E0 /* Components */ = {
			isa = PBXGroup;
			children = (
				20F743022788BB62006BB04C /* RecipeCard.swift */,
				20F743042788BE0B006BB04C /* RecipeList.swift */,
			);
			path = Components;
			sourceTree = "<group>";
		};
/* End PBXGroup section */

/* Begin PBXNativeTarget section */
		20EE3D822788B0860008D1E0 /* recipeMaker */ = {
			isa = PBXNativeTarget;
			buildConfigurationList = 20EE3D912788B08B0008D1E0 /* Build configuration list for PBXNativeTarget "recipeMaker" */;
			buildPhases = (
				20EE3D7F2788B0860008D1E0 /* Sources */,
				20EE3D802788B0860008D1E0 /* Frameworks */,
				20EE3D812788B0860008D1E0 /* Resources */,
			);
			buildRules = (
			);
			dependencies = (
			);
			name = recipeMaker;
			productName = recipeMaker;
			productReference = 20EE3D832788B0860008D1E0 /* recipeMaker.app */;
			productType = "com.apple.product-type.application";
		};
/* End PBXNativeTarget section */

/* Begin PBXProject section */
		20EE3D7B2788B0860008D1E0 /* Project object */ = {
			isa = PBXProject;
			attributes = {
				BuildIndependentTargetsInParallel = 1;
				LastSwiftUpdateCheck = 1320;
				LastUpgradeCheck = 1320;
				TargetAttributes = {
					20EE3D822788B0860008D1E0 = {
						CreatedOnToolsVersion = 13.2.1;
					};
				};
			};
			buildConfigurationList = 20EE3D7E2788B0860008D1E0 /* Build configuration list for PBXProject "recipeMaker" */;
			compatibilityVersion = "Xcode 13.0";
			developmentRegion = en;
			hasScannedForEncodings = 0;
			knownRegions = (
				en,
				Base,
			);
			mainGroup = 20EE3D7A2788B0860008D1E0;
			productRefGroup = 20EE3D842788B0860008D1E0 /* Products */;
			projectDirPath = "";
			projectRoot = "";
			targets = (
				20EE3D822788B0860008D1E0 /* recipeMaker */,
			);
		};
/* End PBXProject section */

/* Begin PBXResourcesBuildPhase section */
		20EE3D812788B0860008D1E0 /* Resources */ = {
			isa = PBXResourcesBuildPhase;
			buildActionMask = 2147483647;
			files = (
				20969FA32789DD8300BC6DF1 /* Launch Screen.storyboard in Resources */,
				20EE3D8E2788B08B0008D1E0 /* Preview Assets.xcassets in Resources */,
				20EE3D8B2788B08B0008D1E0 /* Assets.xcassets in Resources */,
			);
			runOnlyForDeploymentPostprocessing = 0;
		};
/* End PBXResourcesBuildPhase section */

/* Begin PBXSourcesBuildPhase section */
		20EE3D7F2788B0860008D1E0 /* Sources */ = {
			isa = PBXSourcesBuildPhase;
			buildActionMask = 2147483647;
			files = (
				20690BB0278958420077E20A /* AddNewRecipe.swift in Sources */,
				20EE3DA52788B3660008D1E0 /* SettingsView.swift in Sources */,
				20F743032788BB62006BB04C /* RecipeCard.swift in Sources */,
				20EE3D9D2788B2F90008D1E0 /* CategoriesView.swift in Sources */,
				20EE3DA72788B4A10008D1E0 /* TabBarView.swift in Sources */,
				20EE3D9B2788B2750008D1E0 /* HomeView.swift in Sources */,
				20690BAE278953EB0077E20A /* CategoryView.swift in Sources */,
				20EE3D892788B0860008D1E0 /* ContentView.swift in Sources */,
				20F743072788C223006BB04C /* RecipeView.swift in Sources */,
				20F743052788BE0B006BB04C /* RecipeList.swift in Sources */,
				20EE3D872788B0860008D1E0 /* recipeMakerApp.swift in Sources */,
				20EE3DA32788B34D0008D1E0 /* FavoriteView.swift in Sources */,
				20690BB227896B4E0077E20A /* RecipesViewModel.swift in Sources */,
				20EE3DA12788B3300008D1E0 /* NewRecipes.swift in Sources */,
				20EE3DA92788B6A80008D1E0 /* RecipeModel.swift in Sources */,
			);
			runOnlyForDeploymentPostprocessing = 0;
		};
/* End PBXSourcesBuildPhase section */

/* Begin XCBuildConfiguration section */
		20EE3D8F2788B08B0008D1E0 /* Debug */ = {
			isa = XCBuildConfiguration;
			buildSettings = {
				ALWAYS_SEARCH_USER_PATHS = NO;
				CLANG_ANALYZER_NONNULL = YES;
				CLANG_ANALYZER_NUMBER_OBJECT_CONVERSION = YES_AGGRESSIVE;
				CLANG_CXX_LANGUAGE_STANDARD = "gnu++17";
				CLANG_CXX_LIBRARY = "libc++";
				CLANG_ENABLE_MODULES = YES;
				CLANG_ENABLE_OBJC_ARC = YES;
				CLANG_ENABLE_OBJC_WEAK = YES;
				CLANG_WARN_BLOCK_CAPTURE_AUTORELEASING = YES;
				CLANG_WARN_BOOL_CONVERSION = YES;
				CLANG_WARN_COMMA = YES;
				CLANG_WARN_CONSTANT_CONVERSION = YES;
				CLANG_WARN_DEPRECATED_OBJC_IMPLEMENTATIONS = YES;
				CLANG_WARN_DIRECT_OBJC_ISA_USAGE = YES_ERROR;
				CLANG_WARN_DOCUMENTATION_COMMENTS = YES;
				CLANG_WARN_EMPTY_BODY = YES;
				CLANG_WARN_ENUM_CONVERSION = YES;
				CLANG_WARN_INFINITE_RECURSION = YES;
				CLANG_WARN_INT_CONVERSION = YES;
				CLANG_WARN_NON_LITERAL_NULL_CONVERSION = YES;
				CLANG_WARN_OBJC_IMPLICIT_RETAIN_SELF = YES;
				CLANG_WARN_OBJC_LITERAL_CONVERSION = YES;
				CLANG_WARN_OBJC_ROOT_CLASS = YES_ERROR;
				CLANG_WARN_QUOTED_INCLUDE_IN_FRAMEWORK_HEADER = YES;
				CLANG_WARN_RANGE_LOOP_ANALYSIS = YES;
				CLANG_WARN_STRICT_PROTOTYPES = YES;
				CLANG_WARN_SUSPICIOUS_MOVE = YES;
				CLANG_WARN_UNGUARDED_AVAILABILITY = YES_AGGRESSIVE;
				CLANG_WARN_UNREACHABLE_CODE = YES;
				CLANG_WARN__DUPLICATE_METHOD_MATCH = YES;
				COPY_PHASE_STRIP = NO;
				DEBUG_INFORMATION_FORMAT = dwarf;
				ENABLE_STRICT_OBJC_MSGSEND = YES;
				ENABLE_TESTABILITY = YES;
				GCC_C_LANGUAGE_STANDARD = gnu11;
				GCC_DYNAMIC_NO_PIC = NO;
				GCC_NO_COMMON_BLOCKS = YES;
				GCC_OPTIMIZATION_LEVEL = 0;
				GCC_PREPROCESSOR_DEFINITIONS = (
					"DEBUG=1",
					"$(inherited)",
				);
				GCC_WARN_64_TO_32_BIT_CONVERSION = YES;
				GCC_WARN_ABOUT_RETURN_TYPE = YES_ERROR;
				GCC_WARN_UNDECLARED_SELECTOR = YES;
				GCC_WARN_UNINITIALIZED_AUTOS = YES_AGGRESSIVE;
				GCC_WARN_UNUSED_FUNCTION = YES;
				GCC_WARN_UNUSED_VARIABLE = YES;
				IPHONEOS_DEPLOYMENT_TARGET = 15.2;
				MTL_ENABLE_DEBUG_INFO = INCLUDE_SOURCE;
				MTL_FAST_MATH = YES;
				ONLY_ACTIVE_ARCH = YES;
				SDKROOT = iphoneos;
				SWIFT_ACTIVE_COMPILATION_CONDITIONS = DEBUG;
				SWIFT_OPTIMIZATION_LEVEL = "-Onone";
			};
			name = Debug;
		};
		20EE3D902788B08B0008D1E0 /* Release */ = {
			isa = XCBuildConfiguration;
			buildSettings = {
				ALWAYS_SEARCH_USER_PATHS = NO;
				CLANG_ANALYZER_NONNULL = YES;
				CLANG_ANALYZER_NUMBER_OBJECT_CONVERSION = YES_AGGRESSIVE;
				CLANG_CXX_LANGUAGE_STANDARD = "gnu++17";
				CLANG_CXX_LIBRARY = "libc++";
				CLANG_ENABLE_MODULES = YES;
				CLANG_ENABLE_OBJC_ARC = YES;
				CLANG_ENABLE_OBJC_WEAK = YES;
				CLANG_WARN_BLOCK_CAPTURE_AUTORELEASING = YES;
				CLANG_WARN_BOOL_CONVERSION = YES;
				CLANG_WARN_COMMA = YES;
				CLANG_WARN_CONSTANT_CONVERSION = YES;
				CLANG_WARN_DEPRECATED_OBJC_IMPLEMENTATIONS = YES;
				CLANG_WARN_DIRECT_OBJC_ISA_USAGE = YES_ERROR;
				CLANG_WARN_DOCUMENTATION_COMMENTS = YES;
				CLANG_WARN_EMPTY_BODY = YES;
				CLANG_WARN_ENUM_CONVERSION = YES;
				CLANG_WARN_INFINITE_RECURSION = YES;
				CLANG_WARN_INT_CONVERSION = YES;
				CLANG_WARN_NON_LITERAL_NULL_CONVERSION = YES;
				CLANG_WARN_OBJC_IMPLICIT_RETAIN_SELF = YES;
				CLANG_WARN_OBJC_LITERAL_CONVERSION = YES;
				CLANG_WARN_OBJC_ROOT_CLASS = YES_ERROR;
				CLANG_WARN_QUOTED_INCLUDE_IN_FRAMEWORK_HEADER = YES;
				CLANG_WARN_RANGE_LOOP_ANALYSIS = YES;
				CLANG_WARN_STRICT_PROTOTYPES = YES;
				CLANG_WARN_SUSPICIOUS_MOVE = YES;
				CLANG_WARN_UNGUARDED_AVAILABILITY = YES_AGGRESSIVE;
				CLANG_WARN_UNREACHABLE_CODE = YES;
				CLANG_WARN__DUPLICATE_METHOD_MATCH = YES;
				COPY_PHASE_STRIP = NO;
				DEBUG_INFORMATION_FORMAT = "dwarf-with-dsym";
				ENABLE_NS_ASSERTIONS = NO;
				ENABLE_STRICT_OBJC_MSGSEND = YES;
				GCC_C_LANGUAGE_STANDARD = gnu11;
				GCC_NO_COMMON_BLOCKS = YES;
				GCC_WARN_64_TO_32_BIT_CONVERSION = YES;
				GCC_WARN_ABOUT_RETURN_TYPE = YES_ERROR;
				GCC_WARN_UNDECLARED_SELECTOR = YES;
				GCC_WARN_UNINITIALIZED_AUTOS = YES_AGGRESSIVE;
				GCC_WARN_UNUSED_FUNCTION = YES;
				GCC_WARN_UNUSED_VARIABLE = YES;
				IPHONEOS_DEPLOYMENT_TARGET = 15.2;
				MTL_ENABLE_DEBUG_INFO = NO;
				MTL_FAST_MATH = YES;
				SDKROOT = iphoneos;
				SWIFT_COMPILATION_MODE = wholemodule;
				SWIFT_OPTIMIZATION_LEVEL = "-O";
				VALIDATE_PRODUCT = YES;
			};
			name = Release;
		};
		20EE3D922788B08B0008D1E0 /* Debug */ = {
			isa = XCBuildConfiguration;
			buildSettings = {
				ASSETCATALOG_COMPILER_APPICON_NAME = AppIcon;
				ASSETCATALOG_COMPILER_GLOBAL_ACCENT_COLOR_NAME = AccentColor;
				CODE_SIGN_STYLE = Automatic;
				CURRENT_PROJECT_VERSION = 1;
				DEVELOPMENT_ASSET_PATHS = "\"recipeMaker/Preview Content\"";
				ENABLE_PREVIEWS = YES;
				GENERATE_INFOPLIST_FILE = YES;
				INFOPLIST_KEY_UIApplicationSceneManifest_Generation = YES;
				INFOPLIST_KEY_UIApplicationSupportsIndirectInputEvents = YES;
				INFOPLIST_KEY_UILaunchScreen_Generation = YES;
				INFOPLIST_KEY_UISupportedInterfaceOrientations_iPad = "UIInterfaceOrientationPortrait UIInterfaceOrientationPortraitUpsideDown UIInterfaceOrientationLandscapeLeft UIInterfaceOrientationLandscapeRight";
				INFOPLIST_KEY_UISupportedInterfaceOrientations_iPhone = "UIInterfaceOrientationPortrait UIInterfaceOrientationLandscapeLeft UIInterfaceOrientationLandscapeRight";
				LD_RUNPATH_SEARCH_PATHS = (
					"$(inherited)",
					"@executable_path/Frameworks",
				);
				MARKETING_VERSION = 1.0;
				PRODUCT_BUNDLE_IDENTIFIER = "shashwat-code.recipeMaker";
				PRODUCT_NAME = "$(TARGET_NAME)";
				SWIFT_EMIT_LOC_STRINGS = YES;
				SWIFT_VERSION = 5.0;
				TARGETED_DEVICE_FAMILY = "1,2";
			};
			name = Debug;
		};
		20EE3D932788B08B0008D1E0 /* Release */ = {
			isa = XCBuildConfiguration;
			buildSettings = {
				ASSETCATALOG_COMPILER_APPICON_NAME = AppIcon;
				ASSETCATALOG_COMPILER_GLOBAL_ACCENT_COLOR_NAME = AccentColor;
				CODE_SIGN_STYLE = Automatic;
				CURRENT_PROJECT_VERSION = 1;
				DEVELOPMENT_ASSET_PATHS = "\"recipeMaker/Preview Content\"";
				ENABLE_PREVIEWS = YES;
				GENERATE_INFOPLIST_FILE = YES;
				INFOPLIST_KEY_UIApplicationSceneManifest_Generation = YES;
				INFOPLIST_KEY_UIApplicationSupportsIndirectInputEvents = YES;
				INFOPLIST_KEY_UILaunchScreen_Generation = YES;
				INFOPLIST_KEY_UISupportedInterfaceOrientations_iPad = "UIInterfaceOrientationPortrait UIInterfaceOrientationPortraitUpsideDown UIInterfaceOrientationLandscapeLeft UIInterfaceOrientationLandscapeRight";
				INFOPLIST_KEY_UISupportedInterfaceOrientations_iPhone = "UIInterfaceOrientationPortrait UIInterfaceOrientationLandscapeLeft UIInterfaceOrientationLandscapeRight";
				LD_RUNPATH_SEARCH_PATHS = (
					"$(inherited)",
					"@executable_path/Frameworks",
				);
				MARKETING_VERSION = 1.0;
				PRODUCT_BUNDLE_IDENTIFIER = "shashwat-code.recipeMaker";
				PRODUCT_NAME = "$(TARGET_NAME)";
				SWIFT_EMIT_LOC_STRINGS = YES;
				SWIFT_VERSION = 5.0;
				TARGETED_DEVICE_FAMILY = "1,2";
			};
			name = Release;
		};
/* End XCBuildConfiguration section */

/* Begin XCConfigurationList section */
		20EE3D7E2788B0860008D1E0 /* Build configuration list for PBXProject "recipeMaker" */ = {
			isa = XCConfigurationList;
			buildConfigurations = (
				20EE3D8F2788B08B0008D1E0 /* Debug */,
				20EE3D902788B08B0008D1E0 /* Release */,
			);
			defaultConfigurationIsVisible = 0;
			defaultConfigurationName = Release;
		};
		20EE3D912788B08B0008D1E0 /* Build configuration list for PBXNativeTarget "recipeMaker" */ = {
			isa = XCConfigurationList;
			buildConfigurations = (
				20EE3D922788B08B0008D1E0 /* Debug */,
				20EE3D932788B08B0008D1E0 /* Release */,
			);
			defaultConfigurationIsVisible = 0;
			defaultConfigurationName = Release;
		};
/* End XCConfigurationList section */
	};
	rootObject = 20EE3D7B2788B0860008D1E0 /* Project object */;
}
